// !$*UTF8*$!
{
	archiveVersion = 1;
	classes = {
	};
	objectVersion = 46;
	objects = {

/* Begin PBXBuildFile section */
		4DB579561B7743E40001449C /* main.m in Sources */ = {isa = PBXBuildFile; fileRef = 4DB579551B7743E40001449C /* main.m */; };
		4DB579591B7743E40001449C /* AppDelegate.m in Sources */ = {isa = PBXBuildFile; fileRef = 4DB579581B7743E40001449C /* AppDelegate.m */; };
		4DB5795C1B7743E40001449C /* ViewController.m in Sources */ = {isa = PBXBuildFile; fileRef = 4DB5795B1B7743E40001449C /* ViewController.m */; };
		4DB5795F1B7743E40001449C /* Main.storyboard in Resources */ = {isa = PBXBuildFile; fileRef = 4DB5795D1B7743E40001449C /* Main.storyboard */; };
		4DB579611B7743E40001449C /* Images.xcassets in Resources */ = {isa = PBXBuildFile; fileRef = 4DB579601B7743E40001449C /* Images.xcassets */; };
		4DB579641B7743E40001449C /* LaunchScreen.xib in Resources */ = {isa = PBXBuildFile; fileRef = 4DB579621B7743E40001449C /* LaunchScreen.xib */; };
		4DB579701B7743E40001449C /* IOSLearnAppTests.m in Sources */ = {isa = PBXBuildFile; fileRef = 4DB5796F1B7743E40001449C /* IOSLearnAppTests.m */; };
/* End PBXBuildFile section */

/* Begin PBXContainerItemProxy section */
		4DB5796A1B7743E40001449C /* PBXContainerItemProxy */ = {
			isa = PBXContainerItemProxy;
			containerPortal = 4DB579481B7743E40001449C /* Project object */;
			proxyType = 1;
			remoteGlobalIDString = 4DB5794F1B7743E40001449C;
			remoteInfo = IOSLearnApp;
		};
/* End PBXContainerItemProxy section */

/* Begin PBXFileReference section */
		4DB579501B7743E40001449C /* IOSLearnApp.app */ = {isa = PBXFileReference; explicitFileType = wrapper.application; includeInIndex = 0; path = IOSLearnApp.app; sourceTree = BUILT_PRODUCTS_DIR; };
		4DB579541B7743E40001449C /* Info.plist */ = {isa = PBXFileReference; lastKnownFileType = text.plist.xml; path = Info.plist; sourceTree = "<group>"; };
		4DB579551B7743E40001449C /* main.m */ = {isa = PBXFileReference; lastKnownFileType = sourcecode.c.objc; path = main.m; sourceTree = "<group>"; };
		4DB579571B7743E40001449C /* AppDelegate.h */ = {isa = PBXFileReference; lastKnownFileType = sourcecode.c.h; path = AppDelegate.h; sourceTree = "<group>"; };
		4DB579581B7743E40001449C /* AppDelegate.m */ = {isa = PBXFileReference; lastKnownFileType = sourcecode.c.objc; path = AppDelegate.m; sourceTree = "<group>"; };
		4DB5795A1B7743E40001449C /* ViewController.h */ = {isa = PBXFileReference; lastKnownFileType = sourcecode.c.h; path = ViewController.h; sourceTree = "<group>"; };
		4DB5795B1B7743E40001449C /* ViewController.m */ = {isa = PBXFileReference; lastKnownFileType = sourcecode.c.objc; path = ViewController.m; sourceTree = "<group>"; };
		4DB5795E1B7743E40001449C /* Base */ = {isa = PBXFileReference; lastKnownFileType = file.storyboard; name = Base; path = Base.lproj/Main.storyboard; sourceTree = "<group>"; };
		4DB579601B7743E40001449C /* Images.xcassets */ = {isa = PBXFileReference; lastKnownFileType = folder.assetcatalog; path = Images.xcassets; sourceTree = "<group>"; };
		4DB579631B7743E40001449C /* Base */ = {isa = PBXFileReference; lastKnownFileType = file.xib; name = Base; path = Base.lproj/LaunchScreen.xib; sourceTree = "<group>"; };
		4DB579691B7743E40001449C /* IOSLearnAppTests.xctest */ = {isa = PBXFileReference; explicitFileType = wrapper.cfbundle; includeInIndex = 0; path = IOSLearnAppTests.xctest; sourceTree = BUILT_PRODUCTS_DIR; };
		4DB5796E1B7743E40001449C /* Info.plist */ = {isa = PBXFileReference; lastKnownFileType = text.plist.xml; path = Info.plist; sourceTree = "<group>"; };
		4DB5796F1B7743E40001449C /* IOSLearnAppTests.m */ = {isa = PBXFileReference; lastKnownFileType = sourcecode.c.objc; path = IOSLearnAppTests.m; sourceTree = "<group>"; };
/* End PBXFileReference section */

/* Begin PBXFrameworksBuildPhase section */
		4DB5794D1B7743E40001449C /* Frameworks */ = {
			isa = PBXFrameworksBuildPhase;
			buildActionMask = 2147483647;
			files = (
			);
			runOnlyForDeploymentPostprocessing = 0;
		};
		4DB579661B7743E40001449C /* Frameworks */ = {
			isa = PBXFrameworksBuildPhase;
			buildActionMask = 2147483647;
			files = (
			);
			runOnlyForDeploymentPostprocessing = 0;
		};
/* End PBXFrameworksBuildPhase section */

/* Begin PBXGroup section */
		4DB579471B7743E40001449C = {
			isa = PBXGroup;
			children = (
				4DB579521B7743E40001449C /* IOSLearnApp */,
				4DB5796C1B7743E40001449C /* IOSLearnAppTests */,
				4DB579511B7743E40001449C /* Products */,
			);
			sourceTree = "<group>";
		};
		4DB579511B7743E40001449C /* Products */ = {
			isa = PBXGroup;
			children = (
				4DB579501B7743E40001449C /* IOSLearnApp.app */,
				4DB579691B7743E40001449C /* IOSLearnAppTests.xctest */,
			);
			name = Products;
			sourceTree = "<group>";
		};
		4DB579521B7743E40001449C /* IOSLearnApp */ = {
			isa = PBXGroup;
			children = (
				4DB579571B7743E40001449C /* AppDelegate.h */,
				4DB579581B7743E40001449C /* AppDelegate.m */,
				4DB5795A1B7743E40001449C /* ViewController.h */,
				4DB5795B1B7743E40001449C /* ViewController.m */,
				4DB5795D1B7743E40001449C /* Main.storyboard */,
				4DB579601B7743E40001449C /* Images.xcassets */,
				4DB579621B7743E40001449C /* LaunchScreen.xib */,
				4DB579531B7743E40001449C /* Supporting Files */,
			);
			path = IOSLearnApp;
			sourceTree = "<group>";
		};
		4DB579531B7743E40001449C /* Supporting Files */ = {
			isa = PBXGroup;
			children = (
				4DB579541B7743E40001449C /* Info.plist */,
				4DB579551B7743E40001449C /* main.m */,
			);
			name = "Supporting Files";
			sourceTree = "<group>";
		};
		4DB5796C1B7743E40001449C /* IOSLearnAppTests */ = {
			isa = PBXGroup;
			children = (
				4DB5796F1B7743E40001449C /* IOSLearnAppTests.m */,
				4DB5796D1B7743E40001449C /* Supporting Files */,
			);
			path = IOSLearnAppTests;
			sourceTree = "<group>";
		};
		4DB5796D1B7743E40001449C /* Supporting Files */ = {
			isa = PBXGroup;
			children = (
				4DB5796E1B7743E40001449C /* Info.plist */,
			);
			name = "Supporting Files";
			sourceTree = "<group>";
		};
/* End PBXGroup section */

/* Begin PBXNativeTarget section */
		4DB5794F1B7743E40001449C /* IOSLearnApp */ = {
			isa = PBXNativeTarget;
			buildConfigurationList = 4DB579731B7743E40001449C /* Build configuration list for PBXNativeTarget "IOSLearnApp" */;
			buildPhases = (
				4DB5794C1B7743E40001449C /* Sources */,
				4DB5794D1B7743E40001449C /* Frameworks */,
				4DB5794E1B7743E40001449C /* Resources */,
			);
			buildRules = (
			);
			dependencies = (
			);
			name = IOSLearnApp;
			productName = IOSLearnApp;
			productReference = 4DB579501B7743E40001449C /* IOSLearnApp.app */;
			productType = "com.apple.product-type.application";
		};
		4DB579681B7743E40001449C /* IOSLearnAppTests */ = {
			isa = PBXNativeTarget;
			buildConfigurationList = 4DB579761B7743E40001449C /* Build configuration list for PBXNativeTarget "IOSLearnAppTests" */;
			buildPhases = (
				4DB579651B7743E40001449C /* Sources */,
				4DB579661B7743E40001449C /* Frameworks */,
				4DB579671B7743E40001449C /* Resources */,
			);
			buildRules = (
			);
			dependencies = (
				4DB5796B1B7743E40001449C /* PBXTargetDependency */,
			);
			name = IOSLearnAppTests;
			productName = IOSLearnAppTests;
			productReference = 4DB579691B7743E40001449C /* IOSLearnAppTests.xctest */;
			productType = "com.apple.product-type.bundle.unit-test";
		};
/* End PBXNativeTarget section */

/* Begin PBXProject section */
		4DB579481B7743E40001449C /* Project object */ = {
			isa = PBXProject;
			attributes = {
				LastUpgradeCheck = 0640;
				ORGANIZATIONNAME = "吕祥松";
				TargetAttributes = {
					4DB5794F1B7743E40001449C = {
						CreatedOnToolsVersion = 6.4;
					};
					4DB579681B7743E40001449C = {
						CreatedOnToolsVersion = 6.4;
						TestTargetID = 4DB5794F1B7743E40001449C;
					};
				};
			};
			buildConfigurationList = 4DB5794B1B7743E40001449C /* Build configuration list for PBXProject "IOSLearnApp" */;
			compatibilityVersion = "Xcode 3.2";
			developmentRegion = English;
			hasScannedForEncodings = 0;
			knownRegions = (
				en,
				Base,
			);
			mainGroup = 4DB579471B7743E40001449C;
			productRefGroup = 4DB579511B7743E40001449C /* Products */;
			projectDirPath = "";
			projectRoot = "";
			targets = (
				4DB5794F1B7743E40001449C /* IOSLearnApp */,
				4DB579681B7743E40001449C /* IOSLearnAppTests */,
			);
		};
/* End PBXProject section */

/* Begin PBXResourcesBuildPhase section */
		4DB5794E1B7743E40001449C /* Resources */ = {
			isa = PBXResourcesBuildPhase;
			buildActionMask = 2147483647;
			files = (
				4DB5795F1B7743E40001449C /* Main.storyboard in Resources */,
				4DB579641B7743E40001449C /* LaunchScreen.xib in Resources */,
				4DB579611B7743E40001449C /* Images.xcassets in Resources */,
			);
			runOnlyForDeploymentPostprocessing = 0;
		};
		4DB579671B7743E40001449C /* Resources */ = {
			isa = PBXResourcesBuildPhase;
			buildActionMask = 2147483647;
			files = (
			);
			runOnlyForDeploymentPostprocessing = 0;
		};
/* End PBXResourcesBuildPhase section */

/* Begin PBXSourcesBuildPhase section */
		4DB5794C1B7743E40001449C /* Sources */ = {
			isa = PBXSourcesBuildPhase;
			buildActionMask = 2147483647;
			files = (
				4DB5795C1B7743E40001449C /* ViewController.m in Sources */,
				4DB579591B7743E40001449C /* AppDelegate.m in Sources */,
				4DB579561B7743E40001449C /* main.m in Sources */,
			);
			runOnlyForDeploymentPostprocessing = 0;
		};
		4DB579651B7743E40001449C /* Sources */ = {
			isa = PBXSourcesBuildPhase;
			buildActionMask = 2147483647;
			files = (
				4DB579701B7743E40001449C /* IOSLearnAppTests.m in Sources */,
			);
			runOnlyForDeploymentPostprocessing = 0;
		};
/* End PBXSourcesBuildPhase section */

/* Begin PBXTargetDependency section */
		4DB5796B1B7743E40001449C /* PBXTargetDependency */ = {
			isa = PBXTargetDependency;
			target = 4DB5794F1B7743E40001449C /* IOSLearnApp */;
			targetProxy = 4DB5796A1B7743E40001449C /* PBXContainerItemProxy */;
		};
/* End PBXTargetDependency section */

/* Begin PBXVariantGroup section */
		4DB5795D1B7743E40001449C /* Main.storyboard */ = {
			isa = PBXVariantGroup;
			children = (
				4DB5795E1B7743E40001449C /* Base */,
			);
			name = Main.storyboard;
			sourceTree = "<group>";
		};
		4DB579621B7743E40001449C /* LaunchScreen.xib */ = {
			isa = PBXVariantGroup;
			children = (
				4DB579631B7743E40001449C /* Base */,
			);
			name = LaunchScreen.xib;
			sourceTree = "<group>";
		};
/* End PBXVariantGroup section */

/* Begin XCBuildConfiguration section */
		4DB579711B7743E40001449C /* Debug */ = {
			isa = XCBuildConfiguration;
			buildSettings = {
				ALWAYS_SEARCH_USER_PATHS = NO;
				CLANG_CXX_LANGUAGE_STANDARD = "gnu++0x";
				CLANG_CXX_LIBRARY = "libc++";
				CLANG_ENABLE_MODULES = YES;
				CLANG_ENABLE_OBJC_ARC = YES;
				CLANG_WARN_BOOL_CONVERSION = YES;
				CLANG_WARN_CONSTANT_CONVERSION = YES;
				CLANG_WARN_DIRECT_OBJC_ISA_USAGE = YES_ERROR;
				CLANG_WARN_EMPTY_BODY = YES;
				CLANG_WARN_ENUM_CONVERSION = YES;
				CLANG_WARN_INT_CONVERSION = YES;
				CLANG_WARN_OBJC_ROOT_CLASS = YES_ERROR;
				CLANG_WARN_UNREACHABLE_CODE = YES;
				CLANG_WARN__DUPLICATE_METHOD_MATCH = YES;
				"CODE_SIGN_IDENTITY[sdk=iphoneos*]" = "iPhone Developer";
				COPY_PHASE_STRIP = NO;
				DEBUG_INFORMATION_FORMAT = "dwarf-with-dsym";
				ENABLE_STRICT_OBJC_MSGSEND = YES;
				GCC_C_LANGUAGE_STANDARD = gnu99;
				GCC_DYNAMIC_NO_PIC = NO;
				GCC_NO_COMMON_BLOCKS = YES;
				GCC_OPTIMIZATION_LEVEL = 0;
				GCC_PREPROCESSOR_DEFINITIONS = (
					"DEBUG=1",
					"$(inherited)",
				);
				GCC_SYMBOLS_PRIVATE_EXTERN = NO;
				GCC_WARN_64_TO_32_BIT_CONVERSION = YES;
				GCC_WARN_ABOUT_RETURN_TYPE = YES_ERROR;
				GCC_WARN_UNDECLARED_SELECTOR = YES;
				GCC_WARN_UNINITIALIZED_AUTOS = YES_AGGRESSIVE;
				GCC_WARN_UNUSED_FUNCTION = YES;
				GCC_WARN_UNUSED_VARIABLE = YES;
				IPHONEOS_DEPLOYMENT_TARGET = 8.4;
				MTL_ENABLE_DEBUG_INFO = YES;
				ONLY_ACTIVE_ARCH = YES;
				SDKROOT = iphoneos;
				TARGETED_DEVICE_FAMILY = "1,2";
			};
			name = Debug;
		};
		4DB579721B7743E40001449C /* Release */ = {
			isa = XCBuildConfiguration;
			buildSettings = {
				ALWAYS_SEARCH_USER_PATHS = NO;
				CLANG_CXX_LANGUAGE_STANDARD = "gnu++0x";
				CLANG_CXX_LIBRARY = "libc++";
				CLANG_ENABLE_MODULES = YES;
				CLANG_ENABLE_OBJC_ARC = YES;
				CLANG_WARN_BOOL_CONVERSION = YES;
				CLANG_WARN_CONSTANT_CONVERSION = YES;
				CLANG_WARN_DIRECT_OBJC_ISA_USAGE = YES_ERROR;
				CLANG_WARN_EMPTY_BODY = YES;
				CLANG_WARN_ENUM_CONVERSION = YES;
				CLANG_WARN_INT_CONVERSION = YES;
				CLANG_WARN_OBJC_ROOT_CLASS = YES_ERROR;
				CLANG_WARN_UNREACHABLE_CODE = YES;
				CLANG_WARN__DUPLICATE_METHOD_MATCH = YES;
				"CODE_SIGN_IDENTITY[sdk=iphoneos*]" = "iPhone Developer";
				COPY_PHASE_STRIP = NO;
				DEBUG_INFORMATION_FORMAT = "dwarf-with-dsym";
				ENABLE_NS_ASSERTIONS = NO;
				ENABLE_STRICT_OBJC_MSGSEND = YES;
				GCC_C_LANGUAGE_STANDARD = gnu99;
				GCC_NO_COMMON_BLOCKS = YES;
				GCC_WARN_64_TO_32_BIT_CONVERSION = YES;
				GCC_WARN_ABOUT_RETURN_TYPE = YES_ERROR;
				GCC_WARN_UNDECLARED_SELECTOR = YES;
				GCC_WARN_UNINITIALIZED_AUTOS = YES_AGGRESSIVE;
				GCC_WARN_UNUSED_FUNCTION = YES;
				GCC_WARN_UNUSED_VARIABLE = YES;
				IPHONEOS_DEPLOYMENT_TARGET = 8.4;
				MTL_ENABLE_DEBUG_INFO = NO;
				SDKROOT = iphoneos;
				TARGETED_DEVICE_FAMILY = "1,2";
				VALIDATE_PRODUCT = YES;
			};
			name = Release;
		};
		4DB579741B7743E40001449C /* Debug */ = {
			isa = XCBuildConfiguration;
			buildSettings = {
				ASSETCATALOG_COMPILER_APPICON_NAME = AppIcon;
				INFOPLIST_FILE = IOSLearnApp/Info.plist;
				LD_RUNPATH_SEARCH_PATHS = "$(inherited) @executable_path/Frameworks";
				PRODUCT_NAME = "$(TARGET_NAME)";
			};
			name = Debug;
		};
		4DB579751B7743E40001449C /* Release */ = {
			isa = XCBuildConfiguration;
			buildSettings = {
				ASSETCATALOG_COMPILER_APPICON_NAME = AppIcon;
				INFOPLIST_FILE = IOSLearnApp/Info.plist;
				LD_RUNPATH_SEARCH_PATHS = "$(inherited) @executable_path/Frameworks";
				PRODUCT_NAME = "$(TARGET_NAME)";
			};
			name = Release;
		};
		4DB579771B7743E40001449C /* Debug */ = {
			isa = XCBuildConfiguration;
			buildSettings = {
				BUNDLE_LOADER = "$(TEST_HOST)";
				FRAMEWORK_SEARCH_PATHS = (
					"$(SDKROOT)/Developer/Library/Frameworks",
					"$(inherited)",
				);
				GCC_PREPROCESSOR_DEFINITIONS = (
					"DEBUG=1",
					"$(inherited)",
				);
				INFOPLIST_FILE = IOSLearnAppTests/Info.plist;
				LD_RUNPATH_SEARCH_PATHS = "$(inherited) @executable_path/Frameworks @loader_path/Frameworks";
				PRODUCT_NAME = "$(TARGET_NAME)";
				TEST_HOST = "$(BUILT_PRODUCTS_DIR)/IOSLearnApp.app/IOSLearnApp";
			};
			name = Debug;
		};
		4DB579781B7743E40001449C /* Release */ = {
			isa = XCBuildConfiguration;
			buildSettings = {
				BUNDLE_LOADER = "$(TEST_HOST)";
				FRAMEWORK_SEARCH_PATHS = (
					"$(SDKROOT)/Developer/Library/Frameworks",
					"$(inherited)",
				);
				INFOPLIST_FILE = IOSLearnAppTests/Info.plist;
				LD_RUNPATH_SEARCH_PATHS = "$(inherited) @executable_path/Frameworks @loader_path/Frameworks";
				PRODUCT_NAME = "$(TARGET_NAME)";
				TEST_HOST = "$(BUILT_PRODUCTS_DIR)/IOSLearnApp.app/IOSLearnApp";
			};
			name = Release;
		};
/* End XCBuildConfiguration section */

/* Begin XCConfigurationList section */
		4DB5794B1B7743E40001449C /* Build configuration list for PBXProject "IOSLearnApp" */ = {
			isa = XCConfigurationList;
			buildConfigurations = (
				4DB579711B7743E40001449C /* Debug */,
				4DB579721B7743E40001449C /* Release */,
			);
			defaultConfigurationIsVisible = 0;
			defaultConfigurationName = Release;
		};
		4DB579731B7743E40001449C /* Build configuration list for PBXNativeTarget "IOSLearnApp" */ = {
			isa = XCConfigurationList;
			buildConfigurations = (
				4DB579741B7743E40001449C /* Debug */,
				4DB579751B7743E40001449C /* Release */,
			);
			defaultConfigurationIsVisible = 0;
		};
		4DB579761B7743E40001449C /* Build configuration list for PBXNativeTarget "IOSLearnAppTests" */ = {
			isa = XCConfigurationList;
			buildConfigurations = (
				4DB579771B7743E40001449C /* Debug */,
				4DB579781B7743E40001449C /* Release */,
			);
			defaultConfigurationIsVisible = 0;
		};
/* End XCConfigurationList section */
	};
	rootObject = 4DB579481B7743E40001449C /* Project object */;
}
